// !$*UTF8*$!
{
	archiveVersion = 1;
	classes = {
	};
	objectVersion = 46;
	objects = {

/* Begin PBXBuildFile section */
		FA71CE201A2B352E00E69A3D /* AppDelegate.swift in Sources */ = {isa = PBXBuildFile; fileRef = FA71CE1F1A2B352E00E69A3D /* AppDelegate.swift */; };
		FA71CE221A2B352E00E69A3D /* ViewController.swift in Sources */ = {isa = PBXBuildFile; fileRef = FA71CE211A2B352E00E69A3D /* ViewController.swift */; };
		FA71CE251A2B352E00E69A3D /* Main.storyboard in Resources */ = {isa = PBXBuildFile; fileRef = FA71CE231A2B352E00E69A3D /* Main.storyboard */; };
		FA71CE271A2B352E00E69A3D /* Images.xcassets in Resources */ = {isa = PBXBuildFile; fileRef = FA71CE261A2B352E00E69A3D /* Images.xcassets */; };
		FA71CE2A1A2B352E00E69A3D /* LaunchScreen.xib in Resources */ = {isa = PBXBuildFile; fileRef = FA71CE281A2B352E00E69A3D /* LaunchScreen.xib */; };
		FA71CE361A2B352E00E69A3D /* myluckTests.swift in Sources */ = {isa = PBXBuildFile; fileRef = FA71CE351A2B352E00E69A3D /* myluckTests.swift */; };
		FAB167761A356A260041D230 /* Game.swift in Sources */ = {isa = PBXBuildFile; fileRef = FAB167751A356A260041D230 /* Game.swift */; };
		FAB167781A356B020041D230 /* Config.swift in Sources */ = {isa = PBXBuildFile; fileRef = FAB167771A356B020041D230 /* Config.swift */; };
		FACF81AB1A36ECDD00F71A35 /* User.swift in Sources */ = {isa = PBXBuildFile; fileRef = FACF81AA1A36ECDD00F71A35 /* User.swift */; };
		FAFE24AC1A35B397005A7440 /* PersonalBestViewController.swift in Sources */ = {isa = PBXBuildFile; fileRef = FAFE24AB1A35B397005A7440 /* PersonalBestViewController.swift */; };
/* End PBXBuildFile section */

/* Begin PBXContainerItemProxy section */
		FA71CE301A2B352E00E69A3D /* PBXContainerItemProxy */ = {
			isa = PBXContainerItemProxy;
			containerPortal = FA71CE121A2B352E00E69A3D /* Project object */;
			proxyType = 1;
			remoteGlobalIDString = FA71CE191A2B352E00E69A3D;
			remoteInfo = myluck;
		};
/* End PBXContainerItemProxy section */

/* Begin PBXFileReference section */
		FA71CE1A1A2B352E00E69A3D /* myluck.app */ = {isa = PBXFileReference; explicitFileType = wrapper.application; includeInIndex = 0; path = myluck.app; sourceTree = BUILT_PRODUCTS_DIR; };
		FA71CE1E1A2B352E00E69A3D /* Info.plist */ = {isa = PBXFileReference; lastKnownFileType = text.plist.xml; path = Info.plist; sourceTree = "<group>"; };
		FA71CE1F1A2B352E00E69A3D /* AppDelegate.swift */ = {isa = PBXFileReference; lastKnownFileType = sourcecode.swift; path = AppDelegate.swift; sourceTree = "<group>"; };
		FA71CE211A2B352E00E69A3D /* ViewController.swift */ = {isa = PBXFileReference; lastKnownFileType = sourcecode.swift; path = ViewController.swift; sourceTree = "<group>"; };
		FA71CE241A2B352E00E69A3D /* Base */ = {isa = PBXFileReference; lastKnownFileType = file.storyboard; name = Base; path = Base.lproj/Main.storyboard; sourceTree = "<group>"; };
		FA71CE261A2B352E00E69A3D /* Images.xcassets */ = {isa = PBXFileReference; lastKnownFileType = folder.assetcatalog; path = Images.xcassets; sourceTree = "<group>"; };
		FA71CE291A2B352E00E69A3D /* Base */ = {isa = PBXFileReference; lastKnownFileType = file.xib; name = Base; path = Base.lproj/LaunchScreen.xib; sourceTree = "<group>"; };
		FA71CE2F1A2B352E00E69A3D /* myluckTests.xctest */ = {isa = PBXFileReference; explicitFileType = wrapper.cfbundle; includeInIndex = 0; path = myluckTests.xctest; sourceTree = BUILT_PRODUCTS_DIR; };
		FA71CE341A2B352E00E69A3D /* Info.plist */ = {isa = PBXFileReference; lastKnownFileType = text.plist.xml; path = Info.plist; sourceTree = "<group>"; };
		FA71CE351A2B352E00E69A3D /* myluckTests.swift */ = {isa = PBXFileReference; lastKnownFileType = sourcecode.swift; path = myluckTests.swift; sourceTree = "<group>"; };
		FAB167751A356A260041D230 /* Game.swift */ = {isa = PBXFileReference; fileEncoding = 4; lastKnownFileType = sourcecode.swift; path = Game.swift; sourceTree = "<group>"; };
		FAB167771A356B020041D230 /* Config.swift */ = {isa = PBXFileReference; fileEncoding = 4; lastKnownFileType = sourcecode.swift; path = Config.swift; sourceTree = "<group>"; };
		FACF81AA1A36ECDD00F71A35 /* User.swift */ = {isa = PBXFileReference; fileEncoding = 4; lastKnownFileType = sourcecode.swift; path = User.swift; sourceTree = "<group>"; };
		FAFE24AB1A35B397005A7440 /* PersonalBestViewController.swift */ = {isa = PBXFileReference; fileEncoding = 4; lastKnownFileType = sourcecode.swift; path = PersonalBestViewController.swift; sourceTree = "<group>"; };
/* End PBXFileReference section */

/* Begin PBXFrameworksBuildPhase section */
		FA71CE171A2B352E00E69A3D /* Frameworks */ = {
			isa = PBXFrameworksBuildPhase;
			buildActionMask = 2147483647;
			files = (
			);
			runOnlyForDeploymentPostprocessing = 0;
		};
		FA71CE2C1A2B352E00E69A3D /* Frameworks */ = {
			isa = PBXFrameworksBuildPhase;
			buildActionMask = 2147483647;
			files = (
			);
			runOnlyForDeploymentPostprocessing = 0;
		};
/* End PBXFrameworksBuildPhase section */

/* Begin PBXGroup section */
		FA71CE111A2B352E00E69A3D = {
			isa = PBXGroup;
			children = (
				FA71CE1C1A2B352E00E69A3D /* myluck */,
				FA71CE321A2B352E00E69A3D /* myluckTests */,
				FA71CE1B1A2B352E00E69A3D /* Products */,
			);
			sourceTree = "<group>";
		};
		FA71CE1B1A2B352E00E69A3D /* Products */ = {
			isa = PBXGroup;
			children = (
				FA71CE1A1A2B352E00E69A3D /* myluck.app */,
				FA71CE2F1A2B352E00E69A3D /* myluckTests.xctest */,
			);
			name = Products;
			sourceTree = "<group>";
		};
		FA71CE1C1A2B352E00E69A3D /* myluck */ = {
			isa = PBXGroup;
			children = (
				FAB167741A3569F30041D230 /* classes */,
				FA71CE1F1A2B352E00E69A3D /* AppDelegate.swift */,
				FA71CE211A2B352E00E69A3D /* ViewController.swift */,
				FAFE24AB1A35B397005A7440 /* PersonalBestViewController.swift */,
				FA71CE231A2B352E00E69A3D /* Main.storyboard */,
				FA71CE261A2B352E00E69A3D /* Images.xcassets */,
				FA71CE281A2B352E00E69A3D /* LaunchScreen.xib */,
				FA71CE1D1A2B352E00E69A3D /* Supporting Files */,
			);
			path = myluck;
			sourceTree = "<group>";
		};
		FA71CE1D1A2B352E00E69A3D /* Supporting Files */ = {
			isa = PBXGroup;
			children = (
				FA71CE1E1A2B352E00E69A3D /* Info.plist */,
			);
			name = "Supporting Files";
			sourceTree = "<group>";
		};
		FA71CE321A2B352E00E69A3D /* myluckTests */ = {
			isa = PBXGroup;
			children = (
				FA71CE351A2B352E00E69A3D /* myluckTests.swift */,
				FA71CE331A2B352E00E69A3D /* Supporting Files */,
			);
			path = myluckTests;
			sourceTree = "<group>";
		};
		FA71CE331A2B352E00E69A3D /* Supporting Files */ = {
			isa = PBXGroup;
			children = (
				FA71CE341A2B352E00E69A3D /* Info.plist */,
			);
			name = "Supporting Files";
			sourceTree = "<group>";
		};
		FAB167741A3569F30041D230 /* classes */ = {
			isa = PBXGroup;
			children = (
				FAB167751A356A260041D230 /* Game.swift */,
				FACF81AA1A36ECDD00F71A35 /* User.swift */,
				FAB167771A356B020041D230 /* Config.swift */,
			);
			name = classes;
			sourceTree = "<group>";
		};
/* End PBXGroup section */

/* Begin PBXNativeTarget section */
		FA71CE191A2B352E00E69A3D /* myluck */ = {
			isa = PBXNativeTarget;
			buildConfigurationList = FA71CE391A2B352E00E69A3D /* Build configuration list for PBXNativeTarget "myluck" */;
			buildPhases = (
				FA71CE161A2B352E00E69A3D /* Sources */,
				FA71CE171A2B352E00E69A3D /* Frameworks */,
				FA71CE181A2B352E00E69A3D /* Resources */,
			);
			buildRules = (
			);
			dependencies = (
			);
			name = myluck;
			productName = myluck;
			productReference = FA71CE1A1A2B352E00E69A3D /* myluck.app */;
			productType = "com.apple.product-type.application";
		};
		FA71CE2E1A2B352E00E69A3D /* myluckTests */ = {
			isa = PBXNativeTarget;
			buildConfigurationList = FA71CE3C1A2B352E00E69A3D /* Build configuration list for PBXNativeTarget "myluckTests" */;
			buildPhases = (
				FA71CE2B1A2B352E00E69A3D /* Sources */,
				FA71CE2C1A2B352E00E69A3D /* Frameworks */,
				FA71CE2D1A2B352E00E69A3D /* Resources */,
			);
			buildRules = (
			);
			dependencies = (
				FA71CE311A2B352E00E69A3D /* PBXTargetDependency */,
			);
			name = myluckTests;
			productName = myluckTests;
			productReference = FA71CE2F1A2B352E00E69A3D /* myluckTests.xctest */;
			productType = "com.apple.product-type.bundle.unit-test";
		};
/* End PBXNativeTarget section */

/* Begin PBXProject section */
		FA71CE121A2B352E00E69A3D /* Project object */ = {
			isa = PBXProject;
			attributes = {
				LastUpgradeCheck = 0610;
				ORGANIZATIONNAME = greenwood;
				TargetAttributes = {
					FA71CE191A2B352E00E69A3D = {
						CreatedOnToolsVersion = 6.1;
					};
					FA71CE2E1A2B352E00E69A3D = {
						CreatedOnToolsVersion = 6.1;
						TestTargetID = FA71CE191A2B352E00E69A3D;
					};
				};
			};
			buildConfigurationList = FA71CE151A2B352E00E69A3D /* Build configuration list for PBXProject "myluck" */;
			compatibilityVersion = "Xcode 3.2";
			developmentRegion = English;
			hasScannedForEncodings = 0;
			knownRegions = (
				en,
				Base,
			);
			mainGroup = FA71CE111A2B352E00E69A3D;
			productRefGroup = FA71CE1B1A2B352E00E69A3D /* Products */;
			projectDirPath = "";
			projectRoot = "";
			targets = (
				FA71CE191A2B352E00E69A3D /* myluck */,
				FA71CE2E1A2B352E00E69A3D /* myluckTests */,
			);
		};
/* End PBXProject section */

/* Begin PBXResourcesBuildPhase section */
		FA71CE181A2B352E00E69A3D /* Resources */ = {
			isa = PBXResourcesBuildPhase;
			buildActionMask = 2147483647;
			files = (
				FA71CE251A2B352E00E69A3D /* Main.storyboard in Resources */,
				FA71CE2A1A2B352E00E69A3D /* LaunchScreen.xib in Resources */,
				FA71CE271A2B352E00E69A3D /* Images.xcassets in Resources */,
			);
			runOnlyForDeploymentPostprocessing = 0;
		};
		FA71CE2D1A2B352E00E69A3D /* Resources */ = {
			isa = PBXResourcesBuildPhase;
			buildActionMask = 2147483647;
			files = (
			);
			runOnlyForDeploymentPostprocessing = 0;
		};
/* End PBXResourcesBuildPhase section */

/* Begin PBXSourcesBuildPhase section */
		FA71CE161A2B352E00E69A3D /* Sources */ = {
			isa = PBXSourcesBuildPhase;
			buildActionMask = 2147483647;
			files = (
				FA71CE221A2B352E00E69A3D /* ViewController.swift in Sources */,
				FAB167781A356B020041D230 /* Config.swift in Sources */,
				FACF81AB1A36ECDD00F71A35 /* User.swift in Sources */,
				FAFE24AC1A35B397005A7440 /* PersonalBestViewController.swift in Sources */,
				FAB167761A356A260041D230 /* Game.swift in Sources */,
				FA71CE201A2B352E00E69A3D /* AppDelegate.swift in Sources */,
			);
			runOnlyForDeploymentPostprocessing = 0;
		};
		FA71CE2B1A2B352E00E69A3D /* Sources */ = {
			isa = PBXSourcesBuildPhase;
			buildActionMask = 2147483647;
			files = (
				FA71CE361A2B352E00E69A3D /* myluckTests.swift in Sources */,
			);
			runOnlyForDeploymentPostprocessing = 0;
		};
/* End PBXSourcesBuildPhase section */

/* Begin PBXTargetDependency section */
		FA71CE311A2B352E00E69A3D /* PBXTargetDependency */ = {
			isa = PBXTargetDependency;
			target = FA71CE191A2B352E00E69A3D /* myluck */;
			targetProxy = FA71CE301A2B352E00E69A3D /* PBXContainerItemProxy */;
		};
/* End PBXTargetDependency section */

/* Begin PBXVariantGroup section */
		FA71CE231A2B352E00E69A3D /* Main.storyboard */ = {
			isa = PBXVariantGroup;
			children = (
				FA71CE241A2B352E00E69A3D /* Base */,
			);
			name = Main.storyboard;
			sourceTree = "<group>";
		};
		FA71CE281A2B352E00E69A3D /* LaunchScreen.xib */ = {
			isa = PBXVariantGroup;
			children = (
				FA71CE291A2B352E00E69A3D /* Base */,
			);
			name = LaunchScreen.xib;
			sourceTree = "<group>";
		};
/* End PBXVariantGroup section */

/* Begin XCBuildConfiguration section */
		FA71CE371A2B352E00E69A3D /* Debug */ = {
			isa = XCBuildConfiguration;
			buildSettings = {
				ALWAYS_SEARCH_USER_PATHS = NO;
				CLANG_CXX_LANGUAGE_STANDARD = "gnu++0x";
				CLANG_CXX_LIBRARY = "libc++";
				CLANG_ENABLE_MODULES = YES;
				CLANG_ENABLE_OBJC_ARC = YES;
				CLANG_WARN_BOOL_CONVERSION = YES;
				CLANG_WARN_CONSTANT_CONVERSION = YES;
				CLANG_WARN_DIRECT_OBJC_ISA_USAGE = YES_ERROR;
				CLANG_WARN_EMPTY_BODY = YES;
				CLANG_WARN_ENUM_CONVERSION = YES;
				CLANG_WARN_INT_CONVERSION = YES;
				CLANG_WARN_OBJC_ROOT_CLASS = YES_ERROR;
				CLANG_WARN_UNREACHABLE_CODE = YES;
				CLANG_WARN__DUPLICATE_METHOD_MATCH = YES;
				"CODE_SIGN_IDENTITY[sdk=iphoneos*]" = "iPhone Developer";
				COPY_PHASE_STRIP = NO;
				ENABLE_STRICT_OBJC_MSGSEND = YES;
				GCC_C_LANGUAGE_STANDARD = gnu99;
				GCC_DYNAMIC_NO_PIC = NO;
				GCC_OPTIMIZATION_LEVEL = 0;
				GCC_PREPROCESSOR_DEFINITIONS = (
					"DEBUG=1",
					"$(inherited)",
				);
				GCC_SYMBOLS_PRIVATE_EXTERN = NO;
				GCC_WARN_64_TO_32_BIT_CONVERSION = YES;
				GCC_WARN_ABOUT_RETURN_TYPE = YES_ERROR;
				GCC_WARN_UNDECLARED_SELECTOR = YES;
				GCC_WARN_UNINITIALIZED_AUTOS = YES_AGGRESSIVE;
				GCC_WARN_UNUSED_FUNCTION = YES;
				GCC_WARN_UNUSED_VARIABLE = YES;
				IPHONEOS_DEPLOYMENT_TARGET = 8.1;
				MTL_ENABLE_DEBUG_INFO = YES;
				ONLY_ACTIVE_ARCH = YES;
				SDKROOT = iphoneos;
				SWIFT_OPTIMIZATION_LEVEL = "-Onone";
				TARGETED_DEVICE_FAMILY = "1,2";
			};
			name = Debug;
		};
		FA71CE381A2B352E00E69A3D /* Release */ = {
			isa = XCBuildConfiguration;
			buildSettings = {
				ALWAYS_SEARCH_USER_PATHS = NO;
				CLANG_CXX_LANGUAGE_STANDARD = "gnu++0x";
				CLANG_CXX_LIBRARY = "libc++";
				CLANG_ENABLE_MODULES = YES;
				CLANG_ENABLE_OBJC_ARC = YES;
				CLANG_WARN_BOOL_CONVERSION = YES;
				CLANG_WARN_CONSTANT_CONVERSION = YES;
				CLANG_WARN_DIRECT_OBJC_ISA_USAGE = YES_ERROR;
				CLANG_WARN_EMPTY_BODY = YES;
				CLANG_WARN_ENUM_CONVERSION = YES;
				CLANG_WARN_INT_CONVERSION = YES;
				CLANG_WARN_OBJC_ROOT_CLASS = YES_ERROR;
				CLANG_WARN_UNREACHABLE_CODE = YES;
				CLANG_WARN__DUPLICATE_METHOD_MATCH = YES;
				"CODE_SIGN_IDENTITY[sdk=iphoneos*]" = "iPhone Developer";
				COPY_PHASE_STRIP = YES;
				ENABLE_NS_ASSERTIONS = NO;
				ENABLE_STRICT_OBJC_MSGSEND = YES;
				GCC_C_LANGUAGE_STANDARD = gnu99;
				GCC_WARN_64_TO_32_BIT_CONVERSION = YES;
				GCC_WARN_ABOUT_RETURN_TYPE = YES_ERROR;
				GCC_WARN_UNDECLARED_SELECTOR = YES;
				GCC_WARN_UNINITIALIZED_AUTOS = YES_AGGRESSIVE;
				GCC_WARN_UNUSED_FUNCTION = YES;
				GCC_WARN_UNUSED_VARIABLE = YES;
				IPHONEOS_DEPLOYMENT_TARGET = 8.1;
				MTL_ENABLE_DEBUG_INFO = NO;
				SDKROOT = iphoneos;
				TARGETED_DEVICE_FAMILY = "1,2";
				VALIDATE_PRODUCT = YES;
			};
			name = Release;
		};
		FA71CE3A1A2B352E00E69A3D /* Debug */ = {
			isa = XCBuildConfiguration;
			buildSettings = {
				ASSETCATALOG_COMPILER_APPICON_NAME = AppIcon;
				INFOPLIST_FILE = myluck/Info.plist;
				LD_RUNPATH_SEARCH_PATHS = "$(inherited) @executable_path/Frameworks";
				PRODUCT_NAME = "$(TARGET_NAME)";
			};
			name = Debug;
		};
		FA71CE3B1A2B352E00E69A3D /* Release */ = {
			isa = XCBuildConfiguration;
			buildSettings = {
				ASSETCATALOG_COMPILER_APPICON_NAME = AppIcon;
				INFOPLIST_FILE = myluck/Info.plist;
				LD_RUNPATH_SEARCH_PATHS = "$(inherited) @executable_path/Frameworks";
				PRODUCT_NAME = "$(TARGET_NAME)";
			};
			name = Release;
		};
		FA71CE3D1A2B352E00E69A3D /* Debug */ = {
			isa = XCBuildConfiguration;
			buildSettings = {
				BUNDLE_LOADER = "$(TEST_HOST)";
				FRAMEWORK_SEARCH_PATHS = (
					"$(SDKROOT)/Developer/Library/Frameworks",
					"$(inherited)",
				);
				GCC_PREPROCESSOR_DEFINITIONS = (
					"DEBUG=1",
					"$(inherited)",
				);
				INFOPLIST_FILE = myluckTests/Info.plist;
				LD_RUNPATH_SEARCH_PATHS = "$(inherited) @executable_path/Frameworks @loader_path/Frameworks";
				PRODUCT_NAME = "$(TARGET_NAME)";
				TEST_HOST = "$(BUILT_PRODUCTS_DIR)/myluck.app/myluck";
			};
			name = Debug;
		};
		FA71CE3E1A2B352E00E69A3D /* Release */ = {
			isa = XCBuildConfiguration;
			buildSettings = {
				BUNDLE_LOADER = "$(TEST_HOST)";
				FRAMEWORK_SEARCH_PATHS = (
					"$(SDKROOT)/Developer/Library/Frameworks",
					"$(inherited)",
				);
				INFOPLIST_FILE = myluckTests/Info.plist;
				LD_RUNPATH_SEARCH_PATHS = "$(inherited) @executable_path/Frameworks @loader_path/Frameworks";
				PRODUCT_NAME = "$(TARGET_NAME)";
				TEST_HOST = "$(BUILT_PRODUCTS_DIR)/myluck.app/myluck";
			};
			name = Release;
		};
/* End XCBuildConfiguration section */

/* Begin XCConfigurationList section */
		FA71CE151A2B352E00E69A3D /* Build configuration list for PBXProject "myluck" */ = {
			isa = XCConfigurationList;
			buildConfigurations = (
				FA71CE371A2B352E00E69A3D /* Debug */,
				FA71CE381A2B352E00E69A3D /* Release */,
			);
			defaultConfigurationIsVisible = 0;
			defaultConfigurationName = Release;
		};
		FA71CE391A2B352E00E69A3D /* Build configuration list for PBXNativeTarget "myluck" */ = {
			isa = XCConfigurationList;
			buildConfigurations = (
				FA71CE3A1A2B352E00E69A3D /* Debug */,
				FA71CE3B1A2B352E00E69A3D /* Release */,
			);
			defaultConfigurationIsVisible = 0;
			defaultConfigurationName = Release;
		};
		FA71CE3C1A2B352E00E69A3D /* Build configuration list for PBXNativeTarget "myluckTests" */ = {
			isa = XCConfigurationList;
			buildConfigurations = (
				FA71CE3D1A2B352E00E69A3D /* Debug */,
				FA71CE3E1A2B352E00E69A3D /* Release */,
			);
			defaultConfigurationIsVisible = 0;
			defaultConfigurationName = Release;
		};
/* End XCConfigurationList section */
	};
	rootObject = FA71CE121A2B352E00E69A3D /* Project object */;
}
